
Microsoft Visual Studio Solution File, Format Version 12.00
# Visual Studio Version 16
VisualStudioVersion = 16.0.31729.503
MinimumVisualStudioVersion = 10.0.40219.1
Project("{9A19103F-16F7-4668-BE54-9A1E7A4F7556}") = "giris algoritma", "giris algoritma\giris algoritma.csproj", "{A3AFA11B-CE69-4A5C-B1F2-7189D53B36E3}"
EndProject
Project("{FAE04EC0-301F-11D3-BF4B-00C04F79EFBC}") = "algoritm", "algoritm\algoritm.csproj", "{65A85A22-BED3-4DEC-BE97-4AD22BDFCFEB}"
EndProject
Global
	GlobalSection(SolutionConfigurationPlatforms) = preSolution
		Debug|Any CPU = Debug|Any CPU
		Release|Any CPU = Release|Any CPU
	EndGlobalSection
	GlobalSection(ProjectConfigurationPlatforms) = postSolution
		{A3AFA11B-CE69-4A5C-B1F2-7189D53B36E3}.Debug|Any CPU.ActiveCfg = Debug|Any CPU
		{A3AFA11B-CE69-4A5C-B1F2-7189D53B36E3}.Debug|Any CPU.Build.0 = Debug|Any CPU
		{A3AFA11B-CE69-4A5C-B1F2-7189D53B36E3}.Release|Any CPU.ActiveCfg = Release|Any CPU
		{A3AFA11B-CE69-4A5C-B1F2-7189D53B36E3}.Release|Any CPU.Build.0 = Release|Any CPU
		{65A85A22-BED3-4DEC-BE97-4AD22BDFCFEB}.Debug|Any CPU.ActiveCfg = Debug|Any CPU
		{65A85A22-BED3-4DEC-BE97-4AD22BDFCFEB}.Debug|Any CPU.Build.0 = Debug|Any CPU
		{65A85A22-BED3-4DEC-BE97-4AD22BDFCFEB}.Release|Any CPU.ActiveCfg = Release|Any CPU
		{65A85A22-BED3-4DEC-BE97-4AD22BDFCFEB}.Release|Any CPU.Build.0 = Release|Any CPU
	EndGlobalSection
	GlobalSection(SolutionProperties) = preSolution
		HideSolutionNode = FALSE
	EndGlobalSection
	GlobalSection(ExtensibilityGlobals) = postSolution
		SolutionGuid = {8F444542-422B-460A-99D5-9CD81F97C52C}
	EndGlobalSection
EndGlobal
